
Microsoft Visual Studio Solution File, Format Version 12.00
# Visual Studio Version 17
VisualStudioVersion = 17.1.32228.430
MinimumVisualStudioVersion = 10.0.40219.1
Project("{9A19103F-16F7-4668-BE54-9A1E7A4F7556}") = "WebApplication1", "WebApplication1\WebApplication1.csproj", "{030AAE05-63CD-42C7-A71C-DE612A44A33C}"
EndProject
Project("{9A19103F-16F7-4668-BE54-9A1E7A4F7556}") = "PCTYLibrary", "PCTYLibrary\PCTYLibrary.csproj", "{096ECE3F-5458-4939-8EC8-78DECA212E6E}"
EndProject
Project("{FAE04EC0-301F-11D3-BF4B-00C04F79EFBC}") = "TestProject", "TestProject\TestProject.csproj", "{807A7ED2-6844-4DDE-B90B-01FF69FDB6B4}"
EndProject
Global
	GlobalSection(SolutionConfigurationPlatforms) = preSolution
		Debug|Any CPU = Debug|Any CPU
		Release|Any CPU = Release|Any CPU
	EndGlobalSection
	GlobalSection(ProjectConfigurationPlatforms) = postSolution
		{030AAE05-63CD-42C7-A71C-DE612A44A33C}.Debug|Any CPU.ActiveCfg = Debug|Any CPU
		{030AAE05-63CD-42C7-A71C-DE612A44A33C}.Debug|Any CPU.Build.0 = Debug|Any CPU
		{030AAE05-63CD-42C7-A71C-DE612A44A33C}.Release|Any CPU.ActiveCfg = Release|Any CPU
		{030AAE05-63CD-42C7-A71C-DE612A44A33C}.Release|Any CPU.Build.0 = Release|Any CPU
		{096ECE3F-5458-4939-8EC8-78DECA212E6E}.Debug|Any CPU.ActiveCfg = Debug|Any CPU
		{096ECE3F-5458-4939-8EC8-78DECA212E6E}.Debug|Any CPU.Build.0 = Debug|Any CPU
		{096ECE3F-5458-4939-8EC8-78DECA212E6E}.Release|Any CPU.ActiveCfg = Release|Any CPU
		{096ECE3F-5458-4939-8EC8-78DECA212E6E}.Release|Any CPU.Build.0 = Release|Any CPU
		{807A7ED2-6844-4DDE-B90B-01FF69FDB6B4}.Debug|Any CPU.ActiveCfg = Debug|Any CPU
		{807A7ED2-6844-4DDE-B90B-01FF69FDB6B4}.Debug|Any CPU.Build.0 = Debug|Any CPU
		{807A7ED2-6844-4DDE-B90B-01FF69FDB6B4}.Release|Any CPU.ActiveCfg = Release|Any CPU
		{807A7ED2-6844-4DDE-B90B-01FF69FDB6B4}.Release|Any CPU.Build.0 = Release|Any CPU
	EndGlobalSection
	GlobalSection(SolutionProperties) = preSolution
		HideSolutionNode = FALSE
	EndGlobalSection
	GlobalSection(ExtensibilityGlobals) = postSolution
		SolutionGuid = {B2DECD7C-453F-4B8F-8B10-9E7D29795804}
	EndGlobalSection
EndGlobal
